
Microsoft Visual Studio Solution File, Format Version 12.00
# Visual Studio Version 16
VisualStudioVersion = 16.0.32802.440
MinimumVisualStudioVersion = 10.0.40219.1
Project("{9A19103F-16F7-4668-BE54-9A1E7A4F7556}") = "ServoFramework", "ServoFramework.csproj", "{21903CF7-C75D-43C1-A8A0-0C2A51867E43}"
EndProject
Project("{FAE04EC0-301F-11D3-BF4B-00C04F79EFBC}") = "ServoTestProject", "..\ServoTestProject\ServoTestProject.csproj", "{F39CC6BC-7E20-482D-BBC6-54B1093F6006}"
EndProject
Global
	GlobalSection(SolutionConfigurationPlatforms) = preSolution
		Debug|Any CPU = Debug|Any CPU
		Release|Any CPU = Release|Any CPU
	EndGlobalSection
	GlobalSection(ProjectConfigurationPlatforms) = postSolution
		{21903CF7-C75D-43C1-A8A0-0C2A51867E43}.Debug|Any CPU.ActiveCfg = Debug|Any CPU
		{21903CF7-C75D-43C1-A8A0-0C2A51867E43}.Debug|Any CPU.Build.0 = Debug|Any CPU
		{21903CF7-C75D-43C1-A8A0-0C2A51867E43}.Release|Any CPU.ActiveCfg = Release|Any CPU
		{21903CF7-C75D-43C1-A8A0-0C2A51867E43}.Release|Any CPU.Build.0 = Release|Any CPU
		{F39CC6BC-7E20-482D-BBC6-54B1093F6006}.Debug|Any CPU.ActiveCfg = Debug|Any CPU
		{F39CC6BC-7E20-482D-BBC6-54B1093F6006}.Debug|Any CPU.Build.0 = Debug|Any CPU
		{F39CC6BC-7E20-482D-BBC6-54B1093F6006}.Release|Any CPU.ActiveCfg = Release|Any CPU
		{F39CC6BC-7E20-482D-BBC6-54B1093F6006}.Release|Any CPU.Build.0 = Release|Any CPU
	EndGlobalSection
	GlobalSection(SolutionProperties) = preSolution
		HideSolutionNode = FALSE
	EndGlobalSection
	GlobalSection(ExtensibilityGlobals) = postSolution
		SolutionGuid = {323C7B6D-4D32-45C0-A1BE-B91702B8781F}
	EndGlobalSection
EndGlobal
